
Microsoft Visual Studio Solution File, Format Version 12.00
Project("{FAE04EC0-301F-11D3-BF4B-00C04F79EFBC}") = "avalonia-todo", "avalonia-todo\avalonia-todo.csproj", "{5052325D-7AD8-4592-82C7-57EBDF363805}"
EndProject
Project("{FAE04EC0-301F-11D3-BF4B-00C04F79EFBC}") = "avalonia-todo-test", "avalonia-todo-test\avalonia-todo-test.csproj", "{AE71FCD1-DB1B-4C2D-86D4-698F2B91D998}"
EndProject
Global
	GlobalSection(SolutionConfigurationPlatforms) = preSolution
		Debug|Any CPU = Debug|Any CPU
		Release|Any CPU = Release|Any CPU
	EndGlobalSection
	GlobalSection(ProjectConfigurationPlatforms) = postSolution
		{5052325D-7AD8-4592-82C7-57EBDF363805}.Debug|Any CPU.ActiveCfg = Debug|Any CPU
		{5052325D-7AD8-4592-82C7-57EBDF363805}.Debug|Any CPU.Build.0 = Debug|Any CPU
		{5052325D-7AD8-4592-82C7-57EBDF363805}.Release|Any CPU.ActiveCfg = Release|Any CPU
		{5052325D-7AD8-4592-82C7-57EBDF363805}.Release|Any CPU.Build.0 = Release|Any CPU
		{AE71FCD1-DB1B-4C2D-86D4-698F2B91D998}.Debug|Any CPU.ActiveCfg = Debug|Any CPU
		{AE71FCD1-DB1B-4C2D-86D4-698F2B91D998}.Debug|Any CPU.Build.0 = Debug|Any CPU
		{AE71FCD1-DB1B-4C2D-86D4-698F2B91D998}.Release|Any CPU.ActiveCfg = Release|Any CPU
		{AE71FCD1-DB1B-4C2D-86D4-698F2B91D998}.Release|Any CPU.Build.0 = Release|Any CPU
	EndGlobalSection
EndGlobal
